
Microsoft Visual Studio Solution File, Format Version 12.00
# Visual Studio 2013
VisualStudioVersion = 12.0.30501.0
MinimumVisualStudioVersion = 10.0.40219.1
Project("{FAE04EC0-301F-11D3-BF4B-00C04F79EFBC}") = "Needles", "Needles\Needles.csproj", "{A08C9168-47CE-44D2-A4F8-30C9183FB203}"
EndProject
Project("{FAE04EC0-301F-11D3-BF4B-00C04F79EFBC}") = "Needles.Tests", "Needles.Tests\Needles.Tests.csproj", "{4E2D994A-1272-4847-835E-1850A4BAE9C6}"
EndProject
Global
	GlobalSection(SolutionConfigurationPlatforms) = preSolution
		Debug|Any CPU = Debug|Any CPU
		Release|Any CPU = Release|Any CPU
	EndGlobalSection
	GlobalSection(ProjectConfigurationPlatforms) = postSolution
		{A08C9168-47CE-44D2-A4F8-30C9183FB203}.Debug|Any CPU.ActiveCfg = Debug|Any CPU
		{A08C9168-47CE-44D2-A4F8-30C9183FB203}.Debug|Any CPU.Build.0 = Debug|Any CPU
		{A08C9168-47CE-44D2-A4F8-30C9183FB203}.Release|Any CPU.ActiveCfg = Release|Any CPU
		{A08C9168-47CE-44D2-A4F8-30C9183FB203}.Release|Any CPU.Build.0 = Release|Any CPU
		{4E2D994A-1272-4847-835E-1850A4BAE9C6}.Debug|Any CPU.ActiveCfg = Debug|Any CPU
		{4E2D994A-1272-4847-835E-1850A4BAE9C6}.Debug|Any CPU.Build.0 = Debug|Any CPU
		{4E2D994A-1272-4847-835E-1850A4BAE9C6}.Release|Any CPU.ActiveCfg = Release|Any CPU
		{4E2D994A-1272-4847-835E-1850A4BAE9C6}.Release|Any CPU.Build.0 = Release|Any CPU
	EndGlobalSection
	GlobalSection(SolutionProperties) = preSolution
		HideSolutionNode = FALSE
	EndGlobalSection
EndGlobal
